{
  "version": 2,
  "dependencies": {
    "net10.0": {
      "Avalonia.Fonts.Inter": {
        "type": "Direct",
        "requested": "[11.3.22, )",
        "resolved": "11.3.22",
        "contentHash": "oGIn2U71EWTcTQ+zQU0CuJ5b+QsXIvmN7kvn5VSszgU6baZ0/1hDsR3wwXsU7hDFnJD1G541wtPqaGlZtKnPhA==",
        "dependencies": {
          "Avalonia": "11.3.22"
        }
      },
      "Avalonia.Headless": {
        "type": "Direct",
        "requested": "[11.3.22, )",
        "resolved": "11.3.22",
        "contentHash": "yb0+VpNVTDW2ok6SBiICk4/iOoPoH6fudqqCV8BPuW5mHqpxC2wko+9AiYs0ak0OiXYcvhmrywWenPgmaDKoPQ==",
        "dependencies": {
          "Avalonia": "11.3.22"
        }
      },
      "Avalonia.Skia": {
        "type": "Direct",
        "requested": "[11.3.22, )",
        "resolved": "11.3.22",
        "contentHash": "ZbnfFCr2f1l3RD1E/Tn5tJDRFIDm9ICY/PzG4lhuShd6mDg+0y5wRCytCYOSM79KhlboU/f0O7J1Mw7s83Sy3A==",
        "dependencies": {
          "Avalonia": "11.3.22",
          "HarfBuzzSharp": "8.3.1.1",
          "HarfBuzzSharp.NativeAssets.Linux": "8.3.1.1",
          "HarfBuzzSharp.NativeAssets.WebAssembly": "8.3.1.1",
          "SkiaSharp": "2.88.9",
          "SkiaSharp.NativeAssets.Linux": "2.88.9",
          "SkiaSharp.NativeAssets.WebAssembly": "2.88.9"
        }
      },
      "Avalonia.Themes.Fluent": {
        "type": "Direct",
        "requested": "[11.3.22, )",
        "resolved": "11.3.22",
        "contentHash": "tCui436MQuxeIXj/eA/Mq9neAgNTud0Jk22HDWSo05KT+vaH5oJa53xI8PxEi3uRSsWK2l9yoQciLKrzzIrqCw==",
        "dependencies": {
          "Avalonia": "11.3.22"
        }
      },
      "Microsoft.CodeAnalysis.BannedApiAnalyzers": {
        "type": "Direct",
        "requested": "[4.14.0, )",
        "resolved": "4.14.0",
        "contentHash": "gSWJlDWwmDhtbrEJGiHqvEjz9KthIiFD0qYB8zZ6a7z+xpMSPEtM9yTYELSa58iFWYlzSRqP9FXO6KoT3+ZMtg=="
      },
      "Avalonia.BuildServices": {
        "type": "Transitive",
        "resolved": "11.3.2",
        "contentHash": "qHDToxto1e3hci5YqbG9n0Ty8mlp3zBUN5wT66wKqaDVzXyQ0do3EnRILd4Ke9jpvsktaPpgE0YjEk7hornryQ=="
      },
      "Avalonia.Remote.Protocol": {
        "type": "Transitive",
        "resolved": "11.3.22",
        "contentHash": "Ll5YswLkNW0WZm7RkvGS+8B9vH4/x77IsnCqlBvmXOgiQd0J5bpJQFYo1NDVyRLadp4e8Yqg1WP2xEc6IK94HQ=="
      },
      "HarfBuzzSharp": {
        "type": "Transitive",
        "resolved": "8.3.1.1",
        "contentHash": "tLZN66oe/uiRPTZfrCU4i8ScVGwqHNh5MHrXj0yVf4l7Mz0FhTGnQ71RGySROTmdognAs0JtluHkL41pIabWuQ==",
        "dependencies": {
          "HarfBuzzSharp.NativeAssets.Win32": "8.3.1.1",
          "HarfBuzzSharp.NativeAssets.macOS": "8.3.1.1"
        }
      },
      "HarfBuzzSharp.NativeAssets.Linux": {
        "type": "Transitive",
        "resolved": "8.3.1.1",
        "contentHash": "3EZ1mpIiKWRLL5hUYA82ZHteeDIVaEA/Z0rA/wU6tjx6crcAkJnBPwDXZugBSfo8+J3EznvRJf49uMsqYfKrHg=="
      },
      "HarfBuzzSharp.NativeAssets.macOS": {
        "type": "Transitive",
        "resolved": "8.3.1.1",
        "contentHash": "jbtCsgftcaFLCA13tVKo5iWdElJScrulLTKJre36O4YQTIlwDtPPqhRZNk+Y0vv4D1gxbscasGRucUDfS44ofQ=="
      },
      "HarfBuzzSharp.NativeAssets.WebAssembly": {
        "type": "Transitive",
        "resolved": "8.3.1.1",
        "contentHash": "loJweK2u/mH/3C2zBa0ggJlITIszOkK64HLAZB7FUT670dTg965whLFYHDQo69NmC4+d9UN0icLC9VHidXaVCA=="
      },
      "HarfBuzzSharp.NativeAssets.Win32": {
        "type": "Transitive",
        "resolved": "8.3.1.1",
        "contentHash": "UsJtQsfAJoFDZrXc4hCUfRPMqccfKZ0iumJ/upcUjz/cmsTgVFGNEL5yaJWmkqsuFYdMWbj/En5/kS4PFl9hBA=="
      },
      "MicroCom.Runtime": {
        "type": "Transitive",
        "resolved": "0.11.0",
        "contentHash": "MEnrZ3UIiH40hjzMDsxrTyi8dtqB5ziv3iBeeU4bXsL/7NLSal9F1lZKpK+tfBRnUoDSdtcW3KufE4yhATOMCA=="
      },
      "SkiaSharp.NativeAssets.macOS": {
        "type": "Transitive",
        "resolved": "2.88.9",
        "contentHash": "Nv5spmKc4505Ep7oUoJ5vp3KweFpeNqxpyGDWyeEPTX2uR6S6syXIm3gj75dM0YJz7NPvcix48mR5laqs8dPuA=="
      },
      "SkiaSharp.NativeAssets.Win32": {
        "type": "Transitive",
        "resolved": "2.88.9",
        "contentHash": "wb2kYgU7iy84nQLYZwMeJXixvK++GoIuECjU4ECaUKNuflyRlJKyiRhN1MAHswvlvzuvkrjRWlK0Za6+kYQK7w=="
      },
      "Avalonia": {
        "type": "CentralTransitive",
        "requested": "[11.3.22, )",
        "resolved": "11.3.22",
        "contentHash": "61kKbPq/2W/S8PkjRYnDCSvH2fAvhC3eTrYFtwMUZVShP5M2xXII76kIQo8bcezxwFkHc/yoRP3xzae2tFZRsQ==",
        "dependencies": {
          "Avalonia.BuildServices": "11.3.2",
          "Avalonia.Remote.Protocol": "11.3.22",
          "MicroCom.Runtime": "0.11.0"
        }
      },
      "SkiaSharp": {
        "type": "CentralTransitive",
        "requested": "[3.119.4, )",
        "resolved": "2.88.9",
        "contentHash": "3MD5VHjXXieSHCleRLuaTXmL2pD0mB7CcOB1x2kA1I4bhptf4e3R27iM93264ZYuAq6mkUyX5XbcxnZvMJYc1Q==",
        "dependencies": {
          "SkiaSharp.NativeAssets.Win32": "2.88.9",
          "SkiaSharp.NativeAssets.macOS": "2.88.9"
        }
      },
      "SkiaSharp.NativeAssets.Linux": {
        "type": "CentralTransitive",
        "requested": "[3.119.4, )",
        "resolved": "2.88.9",
        "contentHash": "cWSaJKVPWAaT/WIn9c8T5uT/l4ETwHxNJTkEOtNKjphNo8AW6TF9O32aRkxqw3l8GUdUo66Bu7EiqtFh/XG0Zg==",
        "dependencies": {
          "SkiaSharp": "2.88.9"
        }
      },
      "SkiaSharp.NativeAssets.WebAssembly": {
        "type": "CentralTransitive",
        "requested": "[3.119.4, )",
        "resolved": "2.88.9",
        "contentHash": "kt06RccBHSnAs2wDYdBSfsjIDbY3EpsOVqnlDgKdgvyuRA8ZFDaHRdWNx1VHjGgYzmnFCGiTJBnXFl5BqGwGnA=="
      }
    }
  }
}